# Generated from requirements.in by a resolver dry-run; install with --no-deps.
annotated-types==0.8.0
boto3==1.43.78
botocore==1.43.78
colorama==0.4.6
duckdb==1.5.5
et_xmlfile==2.0.0
exchange_calendars==4.13.2
iniconfig==2.3.0
jmespath==1.1.0
joblib==1.5.3
korean_lunar_calendar==0.4.0
numpy==2.3.5
openpyxl==3.1.5
packaging==26.3
pandas==2.3.3
patsy==1.0.2
pluggy==1.6.0
psycopg-binary==3.3.4
psycopg==3.3.4
pyarrow==21.0.0
pydantic==2.12.3
pydantic_core==2.41.4
pygments==2.21.0
pyluach==2.3.0
pytest==8.4.2
python-dateutil==2.9.0.post0
python-frontmatter==1.1.0
pytz==2026.3.post1
PyYAML==6.0.3
s3transfer==0.19.2
scikit-learn==1.7.2
scipy==1.16.3
six==1.17.0
statsmodels==0.14.6
threadpoolctl==3.6.0
toolz==1.1.0
typing-inspection==0.4.4
typing_extensions==4.16.0
tzdata==2026.3
urllib3==2.7.0
